
Microsoft Visual Studio Solution File, Format Version 12.00
# Visual Studio Version 17
VisualStudioVersion = 17.0.31903.59
MinimumVisualStudioVersion = 10.0.40219.1
Project("{9A19103F-16F7-4668-BE54-9A1E7A4F7556}") = "ViventiumTest", "ViventiumTest\ViventiumTest.csproj", "{7E6A0287-0C38-40E8-B2BD-EB9C2FE94506}"
EndProject
Project("{FAE04EC0-301F-11D3-BF4B-00C04F79EFBC}") = "ViventiumTestTests", "ViventiumTestTests\ViventiumTestTests.csproj", "{879241F0-C378-49A8-BE51-6F6A2FD21071}"
EndProject
Global
	GlobalSection(SolutionConfigurationPlatforms) = preSolution
		Debug|Any CPU = Debug|Any CPU
		Release|Any CPU = Release|Any CPU
	EndGlobalSection
	GlobalSection(ProjectConfigurationPlatforms) = postSolution
		{7E6A0287-0C38-40E8-B2BD-EB9C2FE94506}.Debug|Any CPU.ActiveCfg = Debug|Any CPU
		{7E6A0287-0C38-40E8-B2BD-EB9C2FE94506}.Debug|Any CPU.Build.0 = Debug|Any CPU
		{7E6A0287-0C38-40E8-B2BD-EB9C2FE94506}.Release|Any CPU.ActiveCfg = Release|Any CPU
		{7E6A0287-0C38-40E8-B2BD-EB9C2FE94506}.Release|Any CPU.Build.0 = Release|Any CPU
		{879241F0-C378-49A8-BE51-6F6A2FD21071}.Debug|Any CPU.ActiveCfg = Debug|Any CPU
		{879241F0-C378-49A8-BE51-6F6A2FD21071}.Debug|Any CPU.Build.0 = Debug|Any CPU
		{879241F0-C378-49A8-BE51-6F6A2FD21071}.Release|Any CPU.ActiveCfg = Release|Any CPU
		{879241F0-C378-49A8-BE51-6F6A2FD21071}.Release|Any CPU.Build.0 = Release|Any CPU
	EndGlobalSection
	GlobalSection(SolutionProperties) = preSolution
		HideSolutionNode = FALSE
	EndGlobalSection
	GlobalSection(ExtensibilityGlobals) = postSolution
		SolutionGuid = {457B8A79-36D1-4EF7-A123-7B7A54629C40}
	EndGlobalSection
EndGlobal
